Microsoft Visual Studio Solution File, Format Version 12.00
# Visual Studio Version 17
VisualStudioVersion = 17.5.2.0
MinimumVisualStudioVersion = 10.0.40219.1
Project("{FAE04EC0-301F-11D3-BF4B-00C04F79EFBC}") = "DV.Web", "DV.Web.csproj", "{8A5ED209-024B-9723-B2FC-18BE7BE82A3B}"
EndProject
Global
	GlobalSection(SolutionConfigurationPlatforms) = preSolution
		Debug|Any CPU = Debug|Any CPU
		Release|Any CPU = Release|Any CPU
	EndGlobalSection
	GlobalSection(ProjectConfigurationPlatforms) = postSolution
		{8A5ED209-024B-9723-B2FC-18BE7BE82A3B}.Debug|Any CPU.ActiveCfg = Debug|Any CPU
		{8A5ED209-024B-9723-B2FC-18BE7BE82A3B}.Debug|Any CPU.Build.0 = Debug|Any CPU
		{8A5ED209-024B-9723-B2FC-18BE7BE82A3B}.Release|Any CPU.ActiveCfg = Release|Any CPU
		{8A5ED209-024B-9723-B2FC-18BE7BE82A3B}.Release|Any CPU.Build.0 = Release|Any CPU
	EndGlobalSection
	GlobalSection(SolutionProperties) = preSolution
		HideSolutionNode = FALSE
	EndGlobalSection
	GlobalSection(ExtensibilityGlobals) = postSolution
		SolutionGuid = {F9D422DB-6360-4AA0-8CB9-FC19C3ED5A98}
	EndGlobalSection
EndGlobal
